
Microsoft Visual Studio Solution File, Format Version 11.00
# Visual Studio 2010
Project("{FAE04EC0-301F-11D3-BF4B-00C04F79EFBC}") = "Turtle-Tunnel", "Assembly-CSharp.csproj", "{30F83CFC-2634-985B-653B-80286E709A68}"
EndProject
Project("{FAE04EC0-301F-11D3-BF4B-00C04F79EFBC}") = "Turtle-Tunnel", "Assembly-CSharp-Editor.csproj", "{EF3BC81D-47FF-6FA7-5C21-879D320E0DDE}"
EndProject
Project("{3709DE33-FA83-1DDA-CBBF-EFA0D3936982}") = "Turtle-Tunnel", "Assembly-UnityScript.unityproj", "{8AF9D99E-E848-C134-97A4-5E5B83682B86}"
EndProject
Global
	GlobalSection(SolutionConfigurationPlatforms) = preSolution
		Debug|Any CPU = Debug|Any CPU
		Release|Any CPU = Release|Any CPU
	EndGlobalSection
	GlobalSection(ProjectConfigurationPlatforms) = postSolution
		{30F83CFC-2634-985B-653B-80286E709A68}.Debug|Any CPU.ActiveCfg = Debug|Any CPU
		{30F83CFC-2634-985B-653B-80286E709A68}.Debug|Any CPU.Build.0 = Debug|Any CPU
		{30F83CFC-2634-985B-653B-80286E709A68}.Release|Any CPU.ActiveCfg = Release|Any CPU
		{30F83CFC-2634-985B-653B-80286E709A68}.Release|Any CPU.Build.0 = Release|Any CPU
		{EF3BC81D-47FF-6FA7-5C21-879D320E0DDE}.Debug|Any CPU.ActiveCfg = Debug|Any CPU
		{EF3BC81D-47FF-6FA7-5C21-879D320E0DDE}.Debug|Any CPU.Build.0 = Debug|Any CPU
		{EF3BC81D-47FF-6FA7-5C21-879D320E0DDE}.Release|Any CPU.ActiveCfg = Release|Any CPU
		{EF3BC81D-47FF-6FA7-5C21-879D320E0DDE}.Release|Any CPU.Build.0 = Release|Any CPU
		{8AF9D99E-E848-C134-97A4-5E5B83682B86}.Debug|Any CPU.ActiveCfg = Debug|Any CPU
		{8AF9D99E-E848-C134-97A4-5E5B83682B86}.Debug|Any CPU.Build.0 = Debug|Any CPU
		{8AF9D99E-E848-C134-97A4-5E5B83682B86}.Release|Any CPU.ActiveCfg = Release|Any CPU
		{8AF9D99E-E848-C134-97A4-5E5B83682B86}.Release|Any CPU.Build.0 = Release|Any CPU
	EndGlobalSection
	GlobalSection(SolutionProperties) = preSolution
		HideSolutionNode = FALSE
	EndGlobalSection
	GlobalSection(MonoDevelopProperties) = preSolution
		StartupItem = Assembly-CSharp.csproj
	EndGlobalSection
EndGlobal
